
Microsoft Visual Studio Solution File, Format Version 12.00
# Visual Studio 15
VisualStudioVersion = 15.0.26228.9
MinimumVisualStudioVersion = 10.0.40219.1
Project("{2150E333-8FDC-42A3-9474-1A3956D46DE8}") = "Services", "Services", "{D2D8BC21-84D2-4941-BFDA-52F097B4F1C5}"
EndProject
Project("{2150E333-8FDC-42A3-9474-1A3956D46DE8}") = "Tests", "Tests", "{855FBA9A-955D-48FF-8719-9F427D4E23A1}"
EndProject
Project("{FAE04EC0-301F-11D3-BF4B-00C04F79EFBC}") = "Continuous.Management", "Continuous.Management\Continuous.Management.csproj", "{39BEC5C6-0D24-4F81-8BFE-2040A38C8CC9}"
EndProject
Project("{FAE04EC0-301F-11D3-BF4B-00C04F79EFBC}") = "Continuous.EmptyTestService", "Continuous.EmptyTestService\Continuous.EmptyTestService.csproj", "{F3011F7F-43BC-4F70-83AA-B62EC5E8BB10}"
EndProject
Project("{FAE04EC0-301F-11D3-BF4B-00C04F79EFBC}") = "Continuous.Management.Tests", "Continuous.Management.Tests\Continuous.Management.Tests.csproj", "{FE2550F1-2C3F-4774-B239-53368F5FC84C}"
EndProject
Project("{FAE04EC0-301F-11D3-BF4B-00C04F79EFBC}") = "Continuous.WindowsService", "Continuous.WindowsService\Continuous.WindowsService.csproj", "{5BB9D567-7B0A-4D54-A5CB-891269368185}"
EndProject
Project("{FAE04EC0-301F-11D3-BF4B-00C04F79EFBC}") = "Continuous.WindowsService.Tests", "Continuous.WindowsService.Tests\Continuous.WindowsService.Tests.csproj", "{D34DB671-272F-4231-88E4-FDCFD6B3F868}"
EndProject
Project("{FAE04EC0-301F-11D3-BF4B-00C04F79EFBC}") = "Continuous.User", "Continuous.User\Continuous.User.csproj", "{F329D35A-EF89-4DEC-8547-5F640A591DBE}"
EndProject
Project("{FAE04EC0-301F-11D3-BF4B-00C04F79EFBC}") = "Continuous.User.Tests", "Continuous.User.Tests\Continuous.User.Tests.csproj", "{C6B95799-274C-44E0-A7F4-B1BCF1F50FA4}"
EndProject
Global
	GlobalSection(SolutionConfigurationPlatforms) = preSolution
		Debug|Any CPU = Debug|Any CPU
		Release|Any CPU = Release|Any CPU
	EndGlobalSection
	GlobalSection(ProjectConfigurationPlatforms) = postSolution
		{39BEC5C6-0D24-4F81-8BFE-2040A38C8CC9}.Debug|Any CPU.ActiveCfg = Debug|Any CPU
		{39BEC5C6-0D24-4F81-8BFE-2040A38C8CC9}.Debug|Any CPU.Build.0 = Debug|Any CPU
		{39BEC5C6-0D24-4F81-8BFE-2040A38C8CC9}.Release|Any CPU.ActiveCfg = Release|Any CPU
		{39BEC5C6-0D24-4F81-8BFE-2040A38C8CC9}.Release|Any CPU.Build.0 = Release|Any CPU
		{F3011F7F-43BC-4F70-83AA-B62EC5E8BB10}.Debug|Any CPU.ActiveCfg = Debug|Any CPU
		{F3011F7F-43BC-4F70-83AA-B62EC5E8BB10}.Debug|Any CPU.Build.0 = Debug|Any CPU
		{F3011F7F-43BC-4F70-83AA-B62EC5E8BB10}.Release|Any CPU.ActiveCfg = Release|Any CPU
		{F3011F7F-43BC-4F70-83AA-B62EC5E8BB10}.Release|Any CPU.Build.0 = Release|Any CPU
		{FE2550F1-2C3F-4774-B239-53368F5FC84C}.Debug|Any CPU.ActiveCfg = Debug|Any CPU
		{FE2550F1-2C3F-4774-B239-53368F5FC84C}.Debug|Any CPU.Build.0 = Debug|Any CPU
		{FE2550F1-2C3F-4774-B239-53368F5FC84C}.Release|Any CPU.ActiveCfg = Release|Any CPU
		{FE2550F1-2C3F-4774-B239-53368F5FC84C}.Release|Any CPU.Build.0 = Release|Any CPU
		{5BB9D567-7B0A-4D54-A5CB-891269368185}.Debug|Any CPU.ActiveCfg = Debug|Any CPU
		{5BB9D567-7B0A-4D54-A5CB-891269368185}.Debug|Any CPU.Build.0 = Debug|Any CPU
		{5BB9D567-7B0A-4D54-A5CB-891269368185}.Release|Any CPU.ActiveCfg = Release|Any CPU
		{5BB9D567-7B0A-4D54-A5CB-891269368185}.Release|Any CPU.Build.0 = Release|Any CPU
		{D34DB671-272F-4231-88E4-FDCFD6B3F868}.Debug|Any CPU.ActiveCfg = Debug|Any CPU
		{D34DB671-272F-4231-88E4-FDCFD6B3F868}.Debug|Any CPU.Build.0 = Debug|Any CPU
		{D34DB671-272F-4231-88E4-FDCFD6B3F868}.Release|Any CPU.ActiveCfg = Release|Any CPU
		{D34DB671-272F-4231-88E4-FDCFD6B3F868}.Release|Any CPU.Build.0 = Release|Any CPU
		{F329D35A-EF89-4DEC-8547-5F640A591DBE}.Debug|Any CPU.ActiveCfg = Debug|Any CPU
		{F329D35A-EF89-4DEC-8547-5F640A591DBE}.Debug|Any CPU.Build.0 = Debug|Any CPU
		{F329D35A-EF89-4DEC-8547-5F640A591DBE}.Release|Any CPU.ActiveCfg = Release|Any CPU
		{F329D35A-EF89-4DEC-8547-5F640A591DBE}.Release|Any CPU.Build.0 = Release|Any CPU
		{C6B95799-274C-44E0-A7F4-B1BCF1F50FA4}.Debug|Any CPU.ActiveCfg = Debug|Any CPU
		{C6B95799-274C-44E0-A7F4-B1BCF1F50FA4}.Debug|Any CPU.Build.0 = Debug|Any CPU
		{C6B95799-274C-44E0-A7F4-B1BCF1F50FA4}.Release|Any CPU.ActiveCfg = Release|Any CPU
		{C6B95799-274C-44E0-A7F4-B1BCF1F50FA4}.Release|Any CPU.Build.0 = Release|Any CPU
	EndGlobalSection
	GlobalSection(SolutionProperties) = preSolution
		HideSolutionNode = FALSE
	EndGlobalSection
	GlobalSection(NestedProjects) = preSolution
		{F3011F7F-43BC-4F70-83AA-B62EC5E8BB10} = {D2D8BC21-84D2-4941-BFDA-52F097B4F1C5}
		{FE2550F1-2C3F-4774-B239-53368F5FC84C} = {855FBA9A-955D-48FF-8719-9F427D4E23A1}
		{D34DB671-272F-4231-88E4-FDCFD6B3F868} = {855FBA9A-955D-48FF-8719-9F427D4E23A1}
		{C6B95799-274C-44E0-A7F4-B1BCF1F50FA4} = {855FBA9A-955D-48FF-8719-9F427D4E23A1}
	EndGlobalSection
EndGlobal
